{
  "name": "finager",
  "version": "1.0.0",
  "lockfileVersion": 1,
  "requires": true,
  "dependencies": {
    "argparse": {
      "version": "1.0.10",
      "resolved": "https://registry.npmjs.org/argparse/-/argparse-1.0.10.tgz",
      "integrity": "sha512-o5Roy6tNG4SL/FOkCAN6RzjiakZS25RLYFrcMttJqbdd8BWrnA+fGz57iN5Pb06pvBGvl5gQ0B48dJlslXvoTg==",
      "requires": {
        "sprintf-js": "~1.0.2"
      }
    },
    "call-me-maybe": {
      "version": "1.0.1",
      "resolved": "https://registry.npmjs.org/call-me-maybe/-/call-me-maybe-1.0.1.tgz",
      "integrity": "sha1-JtII6onje1y95gJQoV8DHBak1ms="
    },
    "esprima": {
      "version": "4.0.1",
      "resolved": "https://registry.npmjs.org/esprima/-/esprima-4.0.1.tgz",
      "integrity": "sha512-eGuFFw7Upda+g4p+QHvnW0RyTX/SVeJBDM/gCtMARO0cLuT2HcEKnTPvhjV6aGeqrCB/sbNop0Kszm0jsaWU4A=="
    },
    "format-util": {
      "version": "1.0.3",
      "resolved": "https://registry.npmjs.org/format-util/-/format-util-1.0.3.tgz",
      "integrity": "sha1-Ay3KShFiYqEsQ/TD7IVmQWxbLZU="
    },
    "js-yaml": {
      "version": "3.13.1",
      "resolved": "https://registry.npmjs.org/js-yaml/-/js-yaml-3.13.1.tgz",
      "integrity": "sha512-YfbcO7jXDdyj0DGxYVSlSeQNHbD7XPWvrVWeVUujrQEoZzWJIRrCPoyk6kL6IAjAG2IolMK4T0hNUe0HOUs5Jw==",
      "requires": {
        "argparse": "^1.0.7",
        "esprima": "^4.0.0"
      }
    },
    "json-schema-ref-parser": {
      "version": "6.1.0",
      "resolved": "https://registry.npmjs.org/json-schema-ref-parser/-/json-schema-ref-parser-6.1.0.tgz",
      "integrity": "sha512-pXe9H1m6IgIpXmE5JSb8epilNTGsmTb2iPohAXpOdhqGFbQjNeHHsZxU+C8w6T81GZxSPFLeUoqDJmzxx5IGuw==",
      "requires": {
        "call-me-maybe": "^1.0.1",
        "js-yaml": "^3.12.1",
        "ono": "^4.0.11"
      }
    },
    "now": {
      "version": "16.6.0",
      "resolved": "https://registry.npmjs.org/now/-/now-16.6.0.tgz",
      "integrity": "sha512-OHWgh7QOgXi7IDI68yJ7SBTcQZr8rFGdM4w2W5CdOyCoISletVhb1+KO4g4iBQGVFVNp1W6hv4qJGAOODmib5Q=="
    },
    "ono": {
      "version": "4.0.11",
      "resolved": "https://registry.npmjs.org/ono/-/ono-4.0.11.tgz",
      "integrity": "sha512-jQ31cORBFE6td25deYeD80wxKBMj+zBmHTrVxnc6CKhx8gho6ipmWM5zj/oeoqioZ99yqBls9Z/9Nss7J26G2g==",
      "requires": {
        "format-util": "^1.0.3"
      }
    },
    "openapi-enforcer": {
      "version": "1.6.2",
      "resolved": "https://registry.npmjs.org/openapi-enforcer/-/openapi-enforcer-1.6.2.tgz",
      "integrity": "sha512-IgqS80K859/sU5GCi6WhkngjGYu6CW8XcVFPUxWQd1h6Rv2q68qtKHNS3QG57TA/IOTIAhfupId2231KDY6bdg==",
      "requires": {
        "json-schema-ref-parser": "^6.0.1"
      }
    },
    "sprintf-js": {
      "version": "1.0.3",
      "resolved": "https://registry.npmjs.org/sprintf-js/-/sprintf-js-1.0.3.tgz",
      "integrity": "sha1-BOaSb2YolTVPPdAVIDYzuFcpfiw="
    }
  }
}
